github.com/d2r2/go-i2c v0.0.0-20191123181816-73a8a799d6bc h1:HLRSIWzUGMLCq4ldt0W1GLs3nnAxa5EGoP+9qHgh6j0=
github.com/d2r2/go-i2c v0.0.0-20191123181816-73a8a799d6bc/go.mod h1:AwxDPnsgIpy47jbGXZHA9Rv7pDkOJvQbezPuK1Y+nNk=
github.com/d2r2/go-logger v0.0.0-20181221090742-9998a510495e h1:ZG3JBA6rPRl0xxQ+nNSfO7tor8w+CNCTs05DNJQYbLM=
github.com/d2r2/go-logger v0.0.0-20181221090742-9998a510495e/go.mod h1:oA+9PUt8F1aKJ6o4YU1T120i7sgo1T6/1LWEEBy0BSs=
github.com/d2r2/go-shell v0.0.0-20191113051817-7664ea33645f h1:VrZEIdW45kHrPChbu4fvZnolG9l9Wu70znnLQUY/yFg=
github.com/d2r2/go-shell v0.0.0-20191113051817-7664ea33645f/go.mod h1:FdrNob+jQ3UkEpNVeZFVn8mW86Aa2wa6U5z0vGQOEXQ=
github.com/d2r2/go-si7021 v0.0.0-20181222165023-877404aa50d2 h1:Hens64LWvzPlPbAiTHOcg731kPLV7SG48tEJyrykxgU=
github.com/d2r2/go-si7021 v0.0.0-20181222165023-877404aa50d2/go.mod h1:eUUxOFIVbaseJiv8g6BuWHuBMb+NBp2GGsOVagdUYnM=
github.com/davecgh/go-spew v1.1.1 h1:vj9j/u1bqnvCEfJOwUhtlOARqs3+rkHYY13jYWTU97c=
github.com/davecgh/go-spew v1.1.1/go.mod h1:J7Y8YcW2NihsgmVo/mv3lAwl/skON4iLHjSsI+c5H38=
github.com/julienschmidt/httprouter v1.3.0 h1:U0609e9tgbseu3rBINet9P48AI/D3oJs4dN7jwJOQ1U=
github.com/julienschmidt/httprouter v1.3.0/go.mod h1:JR6WtHb+2LUe8TCKY3cZOxFyyO8IZAc4RVcycCCAKdM=
